
Microsoft Visual Studio Solution File, Format Version 12.00
# Visual Studio Version 17
VisualStudioVersion = 17.14.36414.22 d17.14
MinimumVisualStudioVersion = 10.0.40219.1
Project("{FAE04EC0-301F-11D3-BF4B-00C04F79EFBC}") = "Proyecto_Paradigmas", "Proyecto_Paradigmas\Proyecto_Paradigmas.csproj", "{713FB3C9-AD80-4EB0-8A2D-ED99E578EFEA}"
EndProject
Global
	GlobalSection(SolutionConfigurationPlatforms) = preSolution
		Debug|Any CPU = Debug|Any CPU
		Release|Any CPU = Release|Any CPU
	EndGlobalSection
	GlobalSection(ProjectConfigurationPlatforms) = postSolution
		{713FB3C9-AD80-4EB0-8A2D-ED99E578EFEA}.Debug|Any CPU.ActiveCfg = Debug|Any CPU
		{713FB3C9-AD80-4EB0-8A2D-ED99E578EFEA}.Debug|Any CPU.Build.0 = Debug|Any CPU
		{713FB3C9-AD80-4EB0-8A2D-ED99E578EFEA}.Release|Any CPU.ActiveCfg = Release|Any CPU
		{713FB3C9-AD80-4EB0-8A2D-ED99E578EFEA}.Release|Any CPU.Build.0 = Release|Any CPU
	EndGlobalSection
	GlobalSection(SolutionProperties) = preSolution
		HideSolutionNode = FALSE
	EndGlobalSection
	GlobalSection(ExtensibilityGlobals) = postSolution
		SolutionGuid = {2EF7D34C-E8F4-4A33-87E3-56F1A4D4B160}
	EndGlobalSection
EndGlobal
